{
  "lockfileVersion": 1,
  "configVersion": 1,
  "workspaces": {
    "": {
      "name": "axon-profile",
      "dependencies": {
        "@arcforge/types": "2.0.133",
        "@types/bun": "^1.2.0",
      },
    },
  },
  "packages": {
    "@arcforge/types": ["@arcforge/types@2.0.133", "", { "dependencies": { "@types/bun": "^1.2.0", "h3": "^1.13.0" } }, "sha512-QG6GS3dnv+AwAe1xqTSEpsTYAlWRYa2WhXWhsXse9maXowupuba8tR+2F7OHtJ3M4XvwR43yNY0B16UWxE2hJg=="],

    "@types/bun": ["@types/bun@1.3.14", "", { "dependencies": { "bun-types": "1.3.14" } }, "sha512-h1hFqFVcvAvD9j9K7ZW7vd82aSA+rTdznZa+5bwvCwqSB1jmmfLcbIWhOLx1/+boy/xmjgCs/OMUL8hRJSmnPw=="],

    "@types/node": ["@types/node@26.2.0", "", { "dependencies": { "undici-types": "~8.3.0" } }, "sha512-5IviulTZeRNp2vAJ514cc/HUlY5nZ9fCbq9DMyC52BrhFZACo3nI0R7qBxhQmo/d27NFe96ur/b7Wwxklda+kg=="],

    "bun-types": ["bun-types@1.3.14", "", { "dependencies": { "@types/node": "*" } }, "sha512-4N0ig0fEomHt5R0KCFWjovxow98rIoRwKolrYdCcknNwMekCXRnWEUvgu5soYV8QXtVsrUD8B95MBOZGPvr6KQ=="],

    "cookie-es": ["cookie-es@1.2.3", "", {}, "sha512-lXVyvUvrNXblMqzIRrxHb57UUVmqsSWlxqt3XIjCkUP0wDAf6uicO6KMbEgYrMNtEvWgWHwe42CKxPu9MYAnWw=="],

    "crossws": ["crossws@0.3.5", "", { "dependencies": { "uncrypto": "^0.1.3" } }, "sha512-ojKiDvcmByhwa8YYqbQI/hg7MEU0NC03+pSdEq4ZUnZR9xXpwk7E43SMNGkn+JxJGPFtNvQ48+vV2p+P1ml5PA=="],

    "defu": ["defu@6.1.7", "", {}, "sha512-7z22QmUWiQ/2d0KkdYmANbRUVABpZ9SNYyH5vx6PZ+nE5bcC0l7uFvEfHlyld/HcGBFTL536ClDt3DEcSlEJAQ=="],

    "destr": ["destr@2.0.5", "", {}, "sha512-ugFTXCtDZunbzasqBxrK93Ik/DRYsO6S/fedkWEMKqt04xZ4csmnmwGDBAb07QWNaGMAmnTIemsYZCksjATwsA=="],

    "h3": ["h3@1.15.11", "", { "dependencies": { "cookie-es": "^1.2.3", "crossws": "^0.3.5", "defu": "^6.1.6", "destr": "^2.0.5", "iron-webcrypto": "^1.2.1", "node-mock-http": "^1.0.4", "radix3": "^1.1.2", "ufo": "^1.6.3", "uncrypto": "^0.1.3" } }, "sha512-L3THSe2MPeBwgIZVSH5zLdBBU90TOxarvhK9d04IDY2AmVS8j2Jz2LIWtwsGOU3lu2I5jCN7FNvVfY2+XyF+mg=="],

    "iron-webcrypto": ["iron-webcrypto@1.2.1", "", {}, "sha512-feOM6FaSr6rEABp/eDfVseKyTMDt+KGpeB35SkVn9Tyn0CqvVsY3EwI0v5i8nMHyJnzCIQf7nsy3p41TPkJZhg=="],

    "node-mock-http": ["node-mock-http@1.0.5", "", {}, "sha512-KQyt/wLjG3TAc7DOUhpqWzgd4ERxR80JOlTK5VE5R1S12IaPVN5qkj4klBce9HPG1Njuup4Sb5bljaT34lIyjw=="],

    "radix3": ["radix3@1.1.2", "", {}, "sha512-b484I/7b8rDEdSDKckSSBA8knMpcdsXudlE/LNL639wFoHKwLbEkQFZHWEYwDC0wa0FKUcCY+GAF73Z7wxNVFA=="],

    "ufo": ["ufo@1.6.4", "", {}, "sha512-JFNbkD1Svwe0KvGi8GOeLcP4kAWQ609twvCdcHxq1oSL8svv39ZuSvajcD8B+5D0eL4+s1Is2D/O6KN3qcTeRA=="],

    "uncrypto": ["uncrypto@0.1.3", "", {}, "sha512-Ql87qFHB3s/De2ClA9e0gsnS6zXG27SkTiSJwjCc9MebbfapQfuPzumMIUMi38ezPZVNFcHI9sUIepeQfw8J8Q=="],

    "undici-types": ["undici-types@8.3.0", "", {}, "sha512-j375ScV60dom+YkPFIfTLcOiPxkN/buHz5GobjLhixFuANaNs3C9l4GmrWqejgXWJ7BbJcFYpTEUkS1Ge8bpZQ=="],
  }
}
