{
  "lockfileVersion": 1,
  "configVersion": 1,
  "workspaces": {
    "": {
      "name": "microphone",
      "dependencies": {
        "@arcforge/air": "2.0.117",
        "@arcforge/cognet": "2.0.117",
        "@arcforge/engines": "2.0.117",
        "@arcforge/types": "2.0.117",
        "h3": "^1.13.0",
      },
    },
  },
  "packages": {
    "@arcforge/air": ["@arcforge/air@2.0.117", "", { "dependencies": { "@arcforge/err": "2.0.117", "@arcforge/types": "2.0.117" } }, "sha512-hi00dC9Wp45R7bR71hM1HlgR+aKdLUOR69mFHPSi2v+CYqdn0EnQA6RMcfD4BZi/0iIzQRlGA+iUZ53Ptgby3w=="],

    "@arcforge/cognet": ["@arcforge/cognet@2.0.117", "", { "dependencies": { "@arcforge/err": "2.0.117", "@arcforge/types": "2.0.117", "hookable": "^5.5.3" } }, "sha512-hboR5iUQGwmUnorh5j2EXicpxSOioZf4mGaTeHrjf08+VjCJPEPK6glhRzviPGK6UrYjVfOItumdsMv25DI+Qg=="],

    "@arcforge/engines": ["@arcforge/engines@2.0.117", "", { "dependencies": { "@arcforge/types": "2.0.117" } }, "sha512-QsRZo4wG0HRsTCPl255WDWntM8oJPFWQtkcck3O4t18bJfU24WoMyIUveyXeOFDzbvZ0Lslu+NllmSHm+iRgRQ=="],

    "@arcforge/err": ["@arcforge/err@2.0.117", "", { "dependencies": { "@arcforge/types": "2.0.117" } }, "sha512-MAY2E8ZlLdD01Tq7nId4/zOGFFnosXcH9i3DWHZz9XoJjBlwHN2iPMnlr+BpMvJ7iVGGYwkHtlVrVKYRHswZvQ=="],

    "@arcforge/types": ["@arcforge/types@2.0.117", "", { "dependencies": { "h3": "^1.13.0" } }, "sha512-j3yJ04Z+FBeIji5BGwYdLemq2guqEef/Ut5hCoRrzbK07YoQQjR1TEkqdAQoCj+V4BDszfhUGdB+lgMlIyobUw=="],

    "cookie-es": ["cookie-es@1.2.3", "", {}, "sha512-lXVyvUvrNXblMqzIRrxHb57UUVmqsSWlxqt3XIjCkUP0wDAf6uicO6KMbEgYrMNtEvWgWHwe42CKxPu9MYAnWw=="],

    "crossws": ["crossws@0.3.5", "", { "dependencies": { "uncrypto": "^0.1.3" } }, "sha512-ojKiDvcmByhwa8YYqbQI/hg7MEU0NC03+pSdEq4ZUnZR9xXpwk7E43SMNGkn+JxJGPFtNvQ48+vV2p+P1ml5PA=="],

    "defu": ["defu@6.1.7", "", {}, "sha512-7z22QmUWiQ/2d0KkdYmANbRUVABpZ9SNYyH5vx6PZ+nE5bcC0l7uFvEfHlyld/HcGBFTL536ClDt3DEcSlEJAQ=="],

    "destr": ["destr@2.0.5", "", {}, "sha512-ugFTXCtDZunbzasqBxrK93Ik/DRYsO6S/fedkWEMKqt04xZ4csmnmwGDBAb07QWNaGMAmnTIemsYZCksjATwsA=="],

    "h3": ["h3@1.15.11", "", { "dependencies": { "cookie-es": "^1.2.3", "crossws": "^0.3.5", "defu": "^6.1.6", "destr": "^2.0.5", "iron-webcrypto": "^1.2.1", "node-mock-http": "^1.0.4", "radix3": "^1.1.2", "ufo": "^1.6.3", "uncrypto": "^0.1.3" } }, "sha512-L3THSe2MPeBwgIZVSH5zLdBBU90TOxarvhK9d04IDY2AmVS8j2Jz2LIWtwsGOU3lu2I5jCN7FNvVfY2+XyF+mg=="],

    "hookable": ["hookable@5.5.3", "", {}, "sha512-Yc+BQe8SvoXH1643Qez1zqLRmbA5rCL+sSmk6TVos0LWVfNIB7PGncdlId77WzLGSIB5KaWgTaNTs2lNVEI6VQ=="],

    "iron-webcrypto": ["iron-webcrypto@1.2.1", "", {}, "sha512-feOM6FaSr6rEABp/eDfVseKyTMDt+KGpeB35SkVn9Tyn0CqvVsY3EwI0v5i8nMHyJnzCIQf7nsy3p41TPkJZhg=="],

    "node-mock-http": ["node-mock-http@1.0.5", "", {}, "sha512-KQyt/wLjG3TAc7DOUhpqWzgd4ERxR80JOlTK5VE5R1S12IaPVN5qkj4klBce9HPG1Njuup4Sb5bljaT34lIyjw=="],

    "radix3": ["radix3@1.1.2", "", {}, "sha512-b484I/7b8rDEdSDKckSSBA8knMpcdsXudlE/LNL639wFoHKwLbEkQFZHWEYwDC0wa0FKUcCY+GAF73Z7wxNVFA=="],

    "ufo": ["ufo@1.6.4", "", {}, "sha512-JFNbkD1Svwe0KvGi8GOeLcP4kAWQ609twvCdcHxq1oSL8svv39ZuSvajcD8B+5D0eL4+s1Is2D/O6KN3qcTeRA=="],

    "uncrypto": ["uncrypto@0.1.3", "", {}, "sha512-Ql87qFHB3s/De2ClA9e0gsnS6zXG27SkTiSJwjCc9MebbfapQfuPzumMIUMi38ezPZVNFcHI9sUIepeQfw8J8Q=="],
  }
}
