{
  "lockfileVersion": 2,
  "configVersion": 1,
  "workspaces": {
    "": {
      "name": "@axon/zeno",
      "dependencies": {
        "@arcforge/air": "2.0.214",
        "@arcforge/cognet": "2.0.214",
        "@arcforge/engines": "2.0.214",
        "@arcforge/types": "2.0.214",
        "@axon/docs": "^1.0.1",
        "@axon/fs": "^0.1.7",
        "@axon/subagent": "^0.1.5",
        "@axon/zero": "1.0.54",
        "h3": "^1.13.0",
      },
    },
  },
  "packages": {
    "@arcforge/air": ["@arcforge/air@2.0.214", "", { "dependencies": { "@arcforge/err": "2.0.214", "@arcforge/types": "2.0.214" } }, "sha512-FLHMRjWXnG5YKCXR5t5d3AFLUYgApd6PiY/m5rN0IvX3PboEPWLrXhxJv/oTN7CHN3XBiltS4X/CwwW487hPiA=="],

    "@arcforge/cognet": ["@arcforge/cognet@2.0.214", "", { "dependencies": { "@arcforge/err": "2.0.214", "@arcforge/types": "2.0.214", "hookable": "^5.5.3" } }, "sha512-bL/BPj89iNXFiSe7lEPw2E81jPkBxEPnhYXMeB9P4UrWaN+s5dVeTZ1ZddtJ3PVAjfGX8vsM1kw6U15HiIYwAw=="],

    "@arcforge/engines": ["@arcforge/engines@2.0.214", "", { "dependencies": { "@arcforge/types": "2.0.214" }, "peerDependencies": { "@ai-sdk/anthropic": "^4.0.0", "@ai-sdk/cerebras": "^3.0.0", "@ai-sdk/deepseek": "^3.0.0", "@ai-sdk/google": "^4.0.0", "@ai-sdk/groq": "^4.0.0", "@ai-sdk/mistral": "^4.0.0", "@ai-sdk/openai": "^4.0.0", "@ai-sdk/openai-compatible": "^3.0.0", "@ai-sdk/perplexity": "^4.0.0", "@ai-sdk/xai": "^4.0.0", "@ai-sdk/zai": "^3.0.0" }, "optionalPeers": ["@ai-sdk/anthropic", "@ai-sdk/cerebras", "@ai-sdk/deepseek", "@ai-sdk/google", "@ai-sdk/groq", "@ai-sdk/mistral", "@ai-sdk/openai", "@ai-sdk/openai-compatible", "@ai-sdk/perplexity", "@ai-sdk/xai", "@ai-sdk/zai"] }, "sha512-qbqfh10z9EvEu1yEFGEp7PiN0OSYxIRMPZosrQmOUqHXFdf/XSlX5juFPgd9SLMjwXF2mfBENX0GnEvPKbStYw=="],

    "@arcforge/err": ["@arcforge/err@2.0.214", "", { "dependencies": { "@arcforge/types": "2.0.214" } }, "sha512-PTcb3mToMEmUrF9WEJuimo0nLjC6G3UDfbX13jK3U6hx0VmJA+5GC6ulV5U9egBGJygiQ4Axmd2pl/fIgnuS8g=="],

    "@arcforge/types": ["@arcforge/types@2.0.214", "", { "dependencies": { "@types/bun": "^1.2.0", "h3": "^1.13.0" } }, "sha512-RFYSxNVBW8p3x3VGAmA3e+KhOMGpEdTcxDC/IbgWpqIHCUCQGEs3OHXTyybBVWu6+nH2ySHrlhF+DjiqJq034g=="],

    "@axon/docs": ["@axon/docs@1.0.7", "https://axon-api-t53zrgvpga-ew.a.run.app/api/registry/npm/@axon/docs/-/docs-1.0.7.tgz", { "dependencies": { "@arcforge/air": "2.0.141", "@arcforge/cognet": "2.0.141", "@arcforge/engines": "2.0.141", "@arcforge/types": "2.0.141", "h3": "^1.13.0" } }, "sha512-HFokjlzMkC0p2lwslBfEb18YxWIkIWbsRNDf6GqcQfH9OGC3Kjv+Ok2Ko2hnmir2egqb9CRNb96cMvD590/rfA=="],

    "@axon/fs": ["@axon/fs@0.1.9", "https://axon-api-t53zrgvpga-ew.a.run.app/api/registry/npm/@axon/fs/-/fs-0.1.9.tgz", { "dependencies": { "@arcforge/air": "2.0.175", "@arcforge/cognet": "2.0.175", "@arcforge/engines": "2.0.175", "@arcforge/types": "2.0.175", "h3": "^1.13.0" } }, "sha512-2Ul6HmJVnQ8jq8ID8rqzHKr4UKMd1Epspz+CuLoBS3LTe7kJim8F9VLuv6XaqaQPavoqXT/Ux3W8tXpqBIISxA=="],

    "@axon/subagent": ["@axon/subagent@0.1.5", "https://axon-api-t53zrgvpga-ew.a.run.app/api/registry/npm/@axon/subagent/-/subagent-0.1.5.tgz", { "dependencies": { "@arcforge/air": "2.0.168", "@arcforge/cognet": "2.0.168", "@arcforge/engines": "2.0.168", "@arcforge/types": "2.0.168", "h3": "^1.13.0" } }, "sha512-H24WZklZZWrmU0TzXG6ySdT8gifSC+RSJ4CT7FDTzhTMgdMCA3KU4WbBTJZPwAqP9Ki8+UJBffglfP7fdVgceg=="],

    "@axon/zero": ["@axon/zero@1.0.54", "https://axon-api-t53zrgvpga-ew.a.run.app/api/registry/npm/@axon/zero/-/zero-1.0.54.tgz", { "dependencies": { "@arcforge/air": "2.0.214", "@arcforge/cognet": "2.0.214", "@arcforge/engines": "2.0.214", "@arcforge/types": "2.0.214", "h3": "^1.13.0" } }, "sha512-nUclbvFqUv/1p1Dm+q9/a+opgB6v+4ie1vqeEbDNI2ydxNqS1cesa62EU5ir3spIDE9W1zRNKJqqnixYh7LSQA=="],

    "@types/bun": ["@types/bun@1.4.2", "", { "dependencies": { "bun-types": "1.4.2" } }, "sha512-GimotNn7+ZV0uVArItBbriZsR1oNf0+WTzPkdcFrzShI7k2norL0uzEaJT8T33dWr7O/c9ZDuAFQrctKCi72oQ=="],

    "@types/node": ["@types/node@26.6.2", "", { "dependencies": { "undici-types": "~8.9.0" } }, "sha512-X1P21scMv4zGKLYqjdGjaKa7COa0RKVYYZZN/NfvLQ1JegxFhdhpZG/Lyn8AXx6CDUavKAd11v6BvfpkDByK8g=="],

    "bun-types": ["bun-types@1.4.2", "", { "dependencies": { "@types/node": "*" } }, "sha512-bxV1FgK7yBIzjRe5zBozIM4Bem11ZJcCXSrjWRG3YWLt8yFDePu4cLjpebO8OvPeIE9trbyPF4fuj3Cia4Fj3w=="],

    "cookie-es": ["cookie-es@1.2.3", "", {}, "sha512-lXVyvUvrNXblMqzIRrxHb57UUVmqsSWlxqt3XIjCkUP0wDAf6uicO6KMbEgYrMNtEvWgWHwe42CKxPu9MYAnWw=="],

    "crossws": ["crossws@0.3.5", "", { "dependencies": { "uncrypto": "^0.1.3" } }, "sha512-ojKiDvcmByhwa8YYqbQI/hg7MEU0NC03+pSdEq4ZUnZR9xXpwk7E43SMNGkn+JxJGPFtNvQ48+vV2p+P1ml5PA=="],

    "defu": ["defu@6.1.7", "", {}, "sha512-7z22QmUWiQ/2d0KkdYmANbRUVABpZ9SNYyH5vx6PZ+nE5bcC0l7uFvEfHlyld/HcGBFTL536ClDt3DEcSlEJAQ=="],

    "destr": ["destr@2.0.5", "", {}, "sha512-ugFTXCtDZunbzasqBxrK93Ik/DRYsO6S/fedkWEMKqt04xZ4csmnmwGDBAb07QWNaGMAmnTIemsYZCksjATwsA=="],

    "h3": ["h3@1.15.11", "", { "dependencies": { "cookie-es": "^1.2.3", "crossws": "^0.3.5", "defu": "^6.1.6", "destr": "^2.0.5", "iron-webcrypto": "^1.2.1", "node-mock-http": "^1.0.4", "radix3": "^1.1.2", "ufo": "^1.6.3", "uncrypto": "^0.1.3" } }, "sha512-L3THSe2MPeBwgIZVSH5zLdBBU90TOxarvhK9d04IDY2AmVS8j2Jz2LIWtwsGOU3lu2I5jCN7FNvVfY2+XyF+mg=="],

    "hookable": ["hookable@5.5.3", "", {}, "sha512-Yc+BQe8SvoXH1643Qez1zqLRmbA5rCL+sSmk6TVos0LWVfNIB7PGncdlId77WzLGSIB5KaWgTaNTs2lNVEI6VQ=="],

    "iron-webcrypto": ["iron-webcrypto@1.2.1", "", {}, "sha512-feOM6FaSr6rEABp/eDfVseKyTMDt+KGpeB35SkVn9Tyn0CqvVsY3EwI0v5i8nMHyJnzCIQf7nsy3p41TPkJZhg=="],

    "node-mock-http": ["node-mock-http@1.0.5", "", {}, "sha512-KQyt/wLjG3TAc7DOUhpqWzgd4ERxR80JOlTK5VE5R1S12IaPVN5qkj4klBce9HPG1Njuup4Sb5bljaT34lIyjw=="],

    "radix3": ["radix3@1.1.2", "", {}, "sha512-b484I/7b8rDEdSDKckSSBA8knMpcdsXudlE/LNL639wFoHKwLbEkQFZHWEYwDC0wa0FKUcCY+GAF73Z7wxNVFA=="],

    "ufo": ["ufo@1.6.4", "", {}, "sha512-JFNbkD1Svwe0KvGi8GOeLcP4kAWQ609twvCdcHxq1oSL8svv39ZuSvajcD8B+5D0eL4+s1Is2D/O6KN3qcTeRA=="],

    "uncrypto": ["uncrypto@0.1.3", "", {}, "sha512-Ql87qFHB3s/De2ClA9e0gsnS6zXG27SkTiSJwjCc9MebbfapQfuPzumMIUMi38ezPZVNFcHI9sUIepeQfw8J8Q=="],

    "undici-types": ["undici-types@8.9.0", "", {}, "sha512-KTDyRTYX8sWmKXAikPHHSyc63CRPETMctyjKFupcC6OBLXT3xsN0e9aF7m+mIXutFWpUXuedtowG7iLOzp0kQg=="],

    "@axon/docs/@arcforge/air": ["@arcforge/air@2.0.141", "", { "dependencies": { "@arcforge/err": "2.0.141", "@arcforge/types": "2.0.141" } }, "sha512-sckmOjLpK9SYvwPIh5A7+s0UAgkDblW4xtKJ8dr2NZ711JwbFlYWf/SikGuBE783P8ljHA58gjV767rVSShTnw=="],

    "@axon/docs/@arcforge/cognet": ["@arcforge/cognet@2.0.141", "", { "dependencies": { "@arcforge/err": "2.0.141", "@arcforge/types": "2.0.141", "hookable": "^5.5.3" } }, "sha512-bWsXM6ywtaMpDVtxBpSlabbplLu87Vw4q7MOWXEC71hn+scNhw8L/B8/iwaMsM2KDs87GPm1xx4UecjN6hYrvQ=="],

    "@axon/docs/@arcforge/engines": ["@arcforge/engines@2.0.141", "", { "dependencies": { "@arcforge/types": "2.0.141" } }, "sha512-bKv3mcZIndHT7yvMWNr1g57Qmn3OBvQNKvyo5gxr6TPNc5U6zZlyVJCIpo59CqcUp9clGVmpM/kCwjcHuZawxw=="],

    "@axon/docs/@arcforge/types": ["@arcforge/types@2.0.141", "", { "dependencies": { "@types/bun": "^1.2.0", "h3": "^1.13.0" } }, "sha512-pj4nrcmjjnVSLQ/cFA5QOArHR/9hvVdQnkrvkvBLtb2K6nJQXs1AZCYiHU7giUAggZwj3UZitJIVU8FbVAigbw=="],

    "@axon/fs/@arcforge/air": ["@arcforge/air@2.0.175", "", { "dependencies": { "@arcforge/err": "2.0.175", "@arcforge/types": "2.0.175" } }, "sha512-ZaHaPBBiyeUvzCs2TXo9zk8bNv03K3LrWCB0c56Z6Kr9fLGYmyN0JvPLvc6SeUBAUmSSziBSO5sD7Oxg54GYdQ=="],

    "@axon/fs/@arcforge/cognet": ["@arcforge/cognet@2.0.175", "", { "dependencies": { "@arcforge/err": "2.0.175", "@arcforge/types": "2.0.175", "hookable": "^5.5.3" } }, "sha512-Kq/S9cfBuO9nGOMKXR7rTKQ5dLiJ4uM1wcVFSuRgBCGhLDh623qjp/vDObIABE8mFCaEA4Mdr3u6uBcQwTkSgg=="],

    "@axon/fs/@arcforge/engines": ["@arcforge/engines@2.0.175", "", { "dependencies": { "@arcforge/types": "2.0.175" }, "peerDependencies": { "@ai-sdk/anthropic": "^4.0.0", "@ai-sdk/cerebras": "^3.0.0", "@ai-sdk/deepseek": "^3.0.0", "@ai-sdk/google": "^4.0.0", "@ai-sdk/groq": "^4.0.0", "@ai-sdk/mistral": "^4.0.0", "@ai-sdk/openai": "^4.0.0", "@ai-sdk/openai-compatible": "^3.0.0", "@ai-sdk/perplexity": "^4.0.0", "@ai-sdk/xai": "^4.0.0", "@ai-sdk/zai": "^3.0.0" }, "optionalPeers": ["@ai-sdk/anthropic", "@ai-sdk/cerebras", "@ai-sdk/deepseek", "@ai-sdk/google", "@ai-sdk/groq", "@ai-sdk/mistral", "@ai-sdk/openai", "@ai-sdk/openai-compatible", "@ai-sdk/perplexity", "@ai-sdk/xai", "@ai-sdk/zai"] }, "sha512-LtiVTJWfeOCBEALD9HFdyLEWfa4cf73HNUV9Rrt1G7n+W46eV49JCaHXOv/0HNBXhMv6RObEtaY3+oaCzHCqcA=="],

    "@axon/fs/@arcforge/types": ["@arcforge/types@2.0.175", "", { "dependencies": { "@types/bun": "^1.2.0", "h3": "^1.13.0" } }, "sha512-VMcccLEvI36B0Q/2//OgzippI+bMbYLQC7MLOrwZPdFzNzWAlhhdfQXVAGnbUaBTM204fjJ9B9SbPVxdV2xpRg=="],

    "@axon/subagent/@arcforge/air": ["@arcforge/air@2.0.168", "", { "dependencies": { "@arcforge/err": "2.0.168", "@arcforge/types": "2.0.168" } }, "sha512-5AmkQa2/6XpmeMHFjrX0ar4BgnsqiPqr+v7K3VYzFRQKYndJ6BBabDE2bZod9T//JGZKqdu8qOYToUHnDUhtUg=="],

    "@axon/subagent/@arcforge/cognet": ["@arcforge/cognet@2.0.168", "", { "dependencies": { "@arcforge/err": "2.0.168", "@arcforge/types": "2.0.168", "hookable": "^5.5.3" } }, "sha512-w/px6QVxlxhj3shDIBLCu679JJJnbNEw9NpVpdiLNfRIzlIWn3PYl35oTm8ZmMUtdICBv0tFLJdtj+O3U01R0w=="],

    "@axon/subagent/@arcforge/engines": ["@arcforge/engines@2.0.168", "", { "dependencies": { "@arcforge/types": "2.0.168" }, "peerDependencies": { "@ai-sdk/anthropic": "^4.0.0", "@ai-sdk/cerebras": "^3.0.0", "@ai-sdk/deepseek": "^3.0.0", "@ai-sdk/google": "^4.0.0", "@ai-sdk/groq": "^4.0.0", "@ai-sdk/mistral": "^4.0.0", "@ai-sdk/openai": "^4.0.0", "@ai-sdk/openai-compatible": "^3.0.0", "@ai-sdk/perplexity": "^4.0.0", "@ai-sdk/xai": "^4.0.0", "@ai-sdk/zai": "^3.0.0" }, "optionalPeers": ["@ai-sdk/anthropic", "@ai-sdk/cerebras", "@ai-sdk/deepseek", "@ai-sdk/google", "@ai-sdk/groq", "@ai-sdk/mistral", "@ai-sdk/openai", "@ai-sdk/openai-compatible", "@ai-sdk/perplexity", "@ai-sdk/xai", "@ai-sdk/zai"] }, "sha512-TdXQd03k2F6vJfsjLgDQqSRDEx6skN+qFqps0Y1rq6v0TZgS+VZqFnSHCbehu9u8GyL3JJsW8E8iK81zLDRY0Q=="],

    "@axon/subagent/@arcforge/types": ["@arcforge/types@2.0.168", "", { "dependencies": { "@types/bun": "^1.2.0", "h3": "^1.13.0" } }, "sha512-Qk2c5ffeGaDcI5P4kfUMuXULNW0b+l4k+w+vpbRw4IjxoD8kfhIzoZSE8rZnzFKRCD+H5oYo8RJUTVoSePwhZA=="],

    "@axon/docs/@arcforge/air/@arcforge/err": ["@arcforge/err@2.0.141", "", { "dependencies": { "@arcforge/types": "2.0.141" } }, "sha512-OcKNqt1M/h/zG4VpV40vbm9GV//0Bnz4XycENte5vO/SAJWUlsT/BBA+598MVsjXnuAxWSU34tRooC6kVSxqWg=="],

    "@axon/docs/@arcforge/cognet/@arcforge/err": ["@arcforge/err@2.0.141", "", { "dependencies": { "@arcforge/types": "2.0.141" } }, "sha512-OcKNqt1M/h/zG4VpV40vbm9GV//0Bnz4XycENte5vO/SAJWUlsT/BBA+598MVsjXnuAxWSU34tRooC6kVSxqWg=="],

    "@axon/fs/@arcforge/air/@arcforge/err": ["@arcforge/err@2.0.175", "", { "dependencies": { "@arcforge/types": "2.0.175" } }, "sha512-bR8eI9H4ipSTS8px8zBUW5tH5EbYqT/FglcuNFDxGbjt3lkyKuBiBIp08wGNVvoi/+nKETjOd6KYkIU41oaWfg=="],

    "@axon/fs/@arcforge/cognet/@arcforge/err": ["@arcforge/err@2.0.175", "", { "dependencies": { "@arcforge/types": "2.0.175" } }, "sha512-bR8eI9H4ipSTS8px8zBUW5tH5EbYqT/FglcuNFDxGbjt3lkyKuBiBIp08wGNVvoi/+nKETjOd6KYkIU41oaWfg=="],

    "@axon/subagent/@arcforge/air/@arcforge/err": ["@arcforge/err@2.0.168", "", { "dependencies": { "@arcforge/types": "2.0.168" } }, "sha512-R+4l/T/t6om6qVYc/lRsaE+UIURSyIV19SX6AtGf9WZny6VLrvH/oneE4pXrBLKHHAw7pkAl8AkI7o1viRDbeQ=="],

    "@axon/subagent/@arcforge/cognet/@arcforge/err": ["@arcforge/err@2.0.168", "", { "dependencies": { "@arcforge/types": "2.0.168" } }, "sha512-R+4l/T/t6om6qVYc/lRsaE+UIURSyIV19SX6AtGf9WZny6VLrvH/oneE4pXrBLKHHAw7pkAl8AkI7o1viRDbeQ=="],
  }
}
